
Microsoft Visual Studio Solution File, Format Version 12.00
# Visual Studio 2013
VisualStudioVersion = 12.0.40629.0
MinimumVisualStudioVersion = 10.0.40219.1
Project("{FAE04EC0-301F-11D3-BF4B-00C04F79EFBC}") = "AzureSearchIndexApplication", "AzureSearchIndexApplication\AzureSearchIndexApplication.csproj", "{E66EAC98-D19C-4F29-9E4E-BC0FDA30E1A8}"
EndProject
Project("{FAE04EC0-301F-11D3-BF4B-00C04F79EFBC}") = "AzureSearchPopulationApplication", "AzureSearchPopulationApplication\AzureSearchPopulationApplication.csproj", "{6ADAF33F-E84B-4543-9CD2-CB9BA8AE1DC7}"
EndProject
Project("{FAE04EC0-301F-11D3-BF4B-00C04F79EFBC}") = "AzureSearchSPS", "AzureSearchSPS\AzureSearchSPS.csproj", "{9EA719F3-0CF0-4660-B4E7-CBF30679FAA6}"
EndProject
Global
	GlobalSection(SolutionConfigurationPlatforms) = preSolution
		Debug|Any CPU = Debug|Any CPU
		Release|Any CPU = Release|Any CPU
	EndGlobalSection
	GlobalSection(ProjectConfigurationPlatforms) = postSolution
		{E66EAC98-D19C-4F29-9E4E-BC0FDA30E1A8}.Debug|Any CPU.ActiveCfg = Debug|Any CPU
		{E66EAC98-D19C-4F29-9E4E-BC0FDA30E1A8}.Debug|Any CPU.Build.0 = Debug|Any CPU
		{E66EAC98-D19C-4F29-9E4E-BC0FDA30E1A8}.Release|Any CPU.ActiveCfg = Release|Any CPU
		{E66EAC98-D19C-4F29-9E4E-BC0FDA30E1A8}.Release|Any CPU.Build.0 = Release|Any CPU
		{6ADAF33F-E84B-4543-9CD2-CB9BA8AE1DC7}.Debug|Any CPU.ActiveCfg = Debug|Any CPU
		{6ADAF33F-E84B-4543-9CD2-CB9BA8AE1DC7}.Debug|Any CPU.Build.0 = Debug|Any CPU
		{6ADAF33F-E84B-4543-9CD2-CB9BA8AE1DC7}.Release|Any CPU.ActiveCfg = Release|Any CPU
		{6ADAF33F-E84B-4543-9CD2-CB9BA8AE1DC7}.Release|Any CPU.Build.0 = Release|Any CPU
		{9EA719F3-0CF0-4660-B4E7-CBF30679FAA6}.Debug|Any CPU.ActiveCfg = Debug|Any CPU
		{9EA719F3-0CF0-4660-B4E7-CBF30679FAA6}.Debug|Any CPU.Build.0 = Debug|Any CPU
		{9EA719F3-0CF0-4660-B4E7-CBF30679FAA6}.Release|Any CPU.ActiveCfg = Release|Any CPU
		{9EA719F3-0CF0-4660-B4E7-CBF30679FAA6}.Release|Any CPU.Build.0 = Release|Any CPU
	EndGlobalSection
	GlobalSection(SolutionProperties) = preSolution
		HideSolutionNode = FALSE
	EndGlobalSection
EndGlobal
